
Microsoft Visual Studio Solution File, Format Version 12.00
# Visual Studio Version 17
VisualStudioVersion = 17.10.34928.147
MinimumVisualStudioVersion = 10.0.40219.1
Project("{9A19103F-16F7-4668-BE54-9A1E7A4F7556}") = "Application", "Application\Application.csproj", "{4B4963FA-1075-418C-B169-80BB39968951}"
EndProject
Project("{9A19103F-16F7-4668-BE54-9A1E7A4F7556}") = "Infrastructure", "Infrastructure\Infrastructure.csproj", "{092B74B6-D06F-4F3F-9F51-9E7DD2FA7908}"
EndProject
Project("{9A19103F-16F7-4668-BE54-9A1E7A4F7556}") = "Test", "Test\Test.csproj", "{C3D66186-CD20-4A33-AFE4-C0B2657F59E2}"
EndProject
Project("{FAE04EC0-301F-11D3-BF4B-00C04F79EFBC}") = "Core", "Core\Core.csproj", "{B4ED4274-9192-48B1-B5C1-604F5F2D1C77}"
EndProject
Project("{FAE04EC0-301F-11D3-BF4B-00C04F79EFBC}") = "ProjectTaskManager.API", "ProjectTaskManager.API\ProjectTaskManager.API.csproj", "{AF56057B-42C1-4FA3-B830-77ED2F0C21A3}"
EndProject
Global
	GlobalSection(SolutionConfigurationPlatforms) = preSolution
		Debug|Any CPU = Debug|Any CPU
		Release|Any CPU = Release|Any CPU
	EndGlobalSection
	GlobalSection(ProjectConfigurationPlatforms) = postSolution
		{4B4963FA-1075-418C-B169-80BB39968951}.Debug|Any CPU.ActiveCfg = Debug|Any CPU
		{4B4963FA-1075-418C-B169-80BB39968951}.Debug|Any CPU.Build.0 = Debug|Any CPU
		{4B4963FA-1075-418C-B169-80BB39968951}.Release|Any CPU.ActiveCfg = Release|Any CPU
		{4B4963FA-1075-418C-B169-80BB39968951}.Release|Any CPU.Build.0 = Release|Any CPU
		{092B74B6-D06F-4F3F-9F51-9E7DD2FA7908}.Debug|Any CPU.ActiveCfg = Debug|Any CPU
		{092B74B6-D06F-4F3F-9F51-9E7DD2FA7908}.Debug|Any CPU.Build.0 = Debug|Any CPU
		{092B74B6-D06F-4F3F-9F51-9E7DD2FA7908}.Release|Any CPU.ActiveCfg = Release|Any CPU
		{092B74B6-D06F-4F3F-9F51-9E7DD2FA7908}.Release|Any CPU.Build.0 = Release|Any CPU
		{C3D66186-CD20-4A33-AFE4-C0B2657F59E2}.Debug|Any CPU.ActiveCfg = Debug|Any CPU
		{C3D66186-CD20-4A33-AFE4-C0B2657F59E2}.Debug|Any CPU.Build.0 = Debug|Any CPU
		{C3D66186-CD20-4A33-AFE4-C0B2657F59E2}.Release|Any CPU.ActiveCfg = Release|Any CPU
		{C3D66186-CD20-4A33-AFE4-C0B2657F59E2}.Release|Any CPU.Build.0 = Release|Any CPU
		{B4ED4274-9192-48B1-B5C1-604F5F2D1C77}.Debug|Any CPU.ActiveCfg = Debug|Any CPU
		{B4ED4274-9192-48B1-B5C1-604F5F2D1C77}.Debug|Any CPU.Build.0 = Debug|Any CPU
		{B4ED4274-9192-48B1-B5C1-604F5F2D1C77}.Release|Any CPU.ActiveCfg = Release|Any CPU
		{B4ED4274-9192-48B1-B5C1-604F5F2D1C77}.Release|Any CPU.Build.0 = Release|Any CPU
		{AF56057B-42C1-4FA3-B830-77ED2F0C21A3}.Debug|Any CPU.ActiveCfg = Debug|Any CPU
		{AF56057B-42C1-4FA3-B830-77ED2F0C21A3}.Debug|Any CPU.Build.0 = Debug|Any CPU
		{AF56057B-42C1-4FA3-B830-77ED2F0C21A3}.Release|Any CPU.ActiveCfg = Release|Any CPU
		{AF56057B-42C1-4FA3-B830-77ED2F0C21A3}.Release|Any CPU.Build.0 = Release|Any CPU
	EndGlobalSection
	GlobalSection(SolutionProperties) = preSolution
		HideSolutionNode = FALSE
	EndGlobalSection
	GlobalSection(ExtensibilityGlobals) = postSolution
		SolutionGuid = {A13D497C-0600-4C66-B214-6FAD0B0708B6}
	EndGlobalSection
EndGlobal
