
Microsoft Visual Studio Solution File, Format Version 12.00
# Visual Studio Version 17
VisualStudioVersion = 17.10.34928.147
MinimumVisualStudioVersion = 10.0.40219.1
Project("{FAE04EC0-301F-11D3-BF4B-00C04F79EFBC}") = "TodoList.API", "TodoList.API\TodoList.API.csproj", "{D1845658-7CE4-4B21-ABFA-EABAD15D521F}"
EndProject
Project("{FAE04EC0-301F-11D3-BF4B-00C04F79EFBC}") = "Application", "Application\Application.csproj", "{4B4963FA-1075-418C-B169-80BB39968951}"
EndProject
Project("{FAE04EC0-301F-11D3-BF4B-00C04F79EFBC}") = "Infrastructure", "Infrastructure\Infrastructure.csproj", "{092B74B6-D06F-4F3F-9F51-9E7DD2FA7908}"
EndProject
Project("{FAE04EC0-301F-11D3-BF4B-00C04F79EFBC}") = "Domain", "Domain\Domain.csproj", "{A38BE8C4-E513-40F0-83CC-CB6658FE37A6}"
EndProject
Project("{FAE04EC0-301F-11D3-BF4B-00C04F79EFBC}") = "Test", "Test\Test.csproj", "{C3D66186-CD20-4A33-AFE4-C0B2657F59E2}"
EndProject
Global
	GlobalSection(SolutionConfigurationPlatforms) = preSolution
		Debug|Any CPU = Debug|Any CPU
		Release|Any CPU = Release|Any CPU
	EndGlobalSection
	GlobalSection(ProjectConfigurationPlatforms) = postSolution
		{D1845658-7CE4-4B21-ABFA-EABAD15D521F}.Debug|Any CPU.ActiveCfg = Debug|Any CPU
		{D1845658-7CE4-4B21-ABFA-EABAD15D521F}.Debug|Any CPU.Build.0 = Debug|Any CPU
		{D1845658-7CE4-4B21-ABFA-EABAD15D521F}.Release|Any CPU.ActiveCfg = Release|Any CPU
		{D1845658-7CE4-4B21-ABFA-EABAD15D521F}.Release|Any CPU.Build.0 = Release|Any CPU
		{4B4963FA-1075-418C-B169-80BB39968951}.Debug|Any CPU.ActiveCfg = Debug|Any CPU
		{4B4963FA-1075-418C-B169-80BB39968951}.Debug|Any CPU.Build.0 = Debug|Any CPU
		{4B4963FA-1075-418C-B169-80BB39968951}.Release|Any CPU.ActiveCfg = Release|Any CPU
		{4B4963FA-1075-418C-B169-80BB39968951}.Release|Any CPU.Build.0 = Release|Any CPU
		{092B74B6-D06F-4F3F-9F51-9E7DD2FA7908}.Debug|Any CPU.ActiveCfg = Debug|Any CPU
		{092B74B6-D06F-4F3F-9F51-9E7DD2FA7908}.Debug|Any CPU.Build.0 = Debug|Any CPU
		{092B74B6-D06F-4F3F-9F51-9E7DD2FA7908}.Release|Any CPU.ActiveCfg = Release|Any CPU
		{092B74B6-D06F-4F3F-9F51-9E7DD2FA7908}.Release|Any CPU.Build.0 = Release|Any CPU
		{A38BE8C4-E513-40F0-83CC-CB6658FE37A6}.Debug|Any CPU.ActiveCfg = Debug|Any CPU
		{A38BE8C4-E513-40F0-83CC-CB6658FE37A6}.Debug|Any CPU.Build.0 = Debug|Any CPU
		{A38BE8C4-E513-40F0-83CC-CB6658FE37A6}.Release|Any CPU.ActiveCfg = Release|Any CPU
		{A38BE8C4-E513-40F0-83CC-CB6658FE37A6}.Release|Any CPU.Build.0 = Release|Any CPU
		{C3D66186-CD20-4A33-AFE4-C0B2657F59E2}.Debug|Any CPU.ActiveCfg = Debug|Any CPU
		{C3D66186-CD20-4A33-AFE4-C0B2657F59E2}.Debug|Any CPU.Build.0 = Debug|Any CPU
		{C3D66186-CD20-4A33-AFE4-C0B2657F59E2}.Release|Any CPU.ActiveCfg = Release|Any CPU
		{C3D66186-CD20-4A33-AFE4-C0B2657F59E2}.Release|Any CPU.Build.0 = Release|Any CPU
	EndGlobalSection
	GlobalSection(SolutionProperties) = preSolution
		HideSolutionNode = FALSE
	EndGlobalSection
	GlobalSection(ExtensibilityGlobals) = postSolution
		SolutionGuid = {A13D497C-0600-4C66-B214-6FAD0B0708B6}
	EndGlobalSection
EndGlobal
